
Microsoft Visual Studio Solution File, Format Version 12.00
# Visual Studio Version 17
VisualStudioVersion = 17.8.34316.72
MinimumVisualStudioVersion = 10.0.40219.1
Project("{9A19103F-16F7-4668-BE54-9A1E7A4F7556}") = "HouseRentingSystemDeutch", "HouseRentingSystemDeutch.csproj", "{50AB4DD2-40C6-4D7A-8909-37ABAFB50A9A}"
EndProject
Project("{9A19103F-16F7-4668-BE54-9A1E7A4F7556}") = "HouseRentingSystemDeutsch.Core", "..\HouseRentingSystemDeutsch.Core\HouseRentingSystemDeutsch.Core.csproj", "{379391F6-0BF2-4CAC-A182-FCC9FCBCFBCC}"
EndProject
Project("{9A19103F-16F7-4668-BE54-9A1E7A4F7556}") = "HouseRentingSystemDeutsch.Infrastructure", "..\HouseRentingSystemDeutsch.Infrastructure\HouseRentingSystemDeutsch.Infrastructure.csproj", "{0C8F5E0E-594D-4FB4-B482-E44CD09599E1}"
EndProject
Global
	GlobalSection(SolutionConfigurationPlatforms) = preSolution
		Debug|Any CPU = Debug|Any CPU
		Release|Any CPU = Release|Any CPU
	EndGlobalSection
	GlobalSection(ProjectConfigurationPlatforms) = postSolution
		{50AB4DD2-40C6-4D7A-8909-37ABAFB50A9A}.Debug|Any CPU.ActiveCfg = Debug|Any CPU
		{50AB4DD2-40C6-4D7A-8909-37ABAFB50A9A}.Debug|Any CPU.Build.0 = Debug|Any CPU
		{50AB4DD2-40C6-4D7A-8909-37ABAFB50A9A}.Release|Any CPU.ActiveCfg = Release|Any CPU
		{50AB4DD2-40C6-4D7A-8909-37ABAFB50A9A}.Release|Any CPU.Build.0 = Release|Any CPU
		{379391F6-0BF2-4CAC-A182-FCC9FCBCFBCC}.Debug|Any CPU.ActiveCfg = Debug|Any CPU
		{379391F6-0BF2-4CAC-A182-FCC9FCBCFBCC}.Debug|Any CPU.Build.0 = Debug|Any CPU
		{379391F6-0BF2-4CAC-A182-FCC9FCBCFBCC}.Release|Any CPU.ActiveCfg = Release|Any CPU
		{379391F6-0BF2-4CAC-A182-FCC9FCBCFBCC}.Release|Any CPU.Build.0 = Release|Any CPU
		{0C8F5E0E-594D-4FB4-B482-E44CD09599E1}.Debug|Any CPU.ActiveCfg = Debug|Any CPU
		{0C8F5E0E-594D-4FB4-B482-E44CD09599E1}.Debug|Any CPU.Build.0 = Debug|Any CPU
		{0C8F5E0E-594D-4FB4-B482-E44CD09599E1}.Release|Any CPU.ActiveCfg = Release|Any CPU
		{0C8F5E0E-594D-4FB4-B482-E44CD09599E1}.Release|Any CPU.Build.0 = Release|Any CPU
	EndGlobalSection
	GlobalSection(SolutionProperties) = preSolution
		HideSolutionNode = FALSE
	EndGlobalSection
	GlobalSection(ExtensibilityGlobals) = postSolution
		SolutionGuid = {F69E1540-A9EC-46F4-9762-0938CF0FFE9B}
	EndGlobalSection
EndGlobal
